<?xml version="1.0" encoding="utf-8"?>
<Project ToolsVersion="4.0" xmlns="http://schemas.microsoft.com/developer/msbuild/2003">
  <ItemGroup>
    <Filter Include="소스 파일">
      <UniqueIdentifier>{4FC737F1-C7A5-4376-A066-2A32D752A2FF}</UniqueIdentifier>
      <Extensions>cpp;c;cc;cxx;c++;cppm;ixx;def;odl;idl;hpj;bat;asm;asmx</Extensions>
    </Filter>
    <Filter Include="imgui">
      <UniqueIdentifier>{f258691b-6d3f-41fd-8315-7f0444148805}</UniqueIdentifier>
    </Filter>
  </ItemGroup>
  <ItemGroup>
    <ClCompile Include="imguiProto.cpp">
      <Filter>소스 파일</Filter>
    </ClCompile>
    <ClCompile Include="..\..\imgui.cpp">
      <Filter>imgui</Filter>
    </ClCompile>
    <ClCompile Include="..\..\imgui_demo.cpp">
      <Filter>imgui</Filter>
    </ClCompile>
    <ClCompile Include="..\..\imgui_draw.cpp">
      <Filter>imgui</Filter>
    </ClCompile>
    <ClCompile Include="..\..\imgui_tables.cpp">
      <Filter>imgui</Filter>
    </ClCompile>
    <ClCompile Include="..\..\imgui_widgets.cpp">
      <Filter>imgui</Filter>
    </ClCompile>
    <ClCompile Include="..\..\backends\imgui_impl_glfw.cpp">
      <Filter>소스 파일</Filter>
    </ClCompile>
    <ClCompile Include="..\..\backends\imgui_impl_opengl3.cpp">
      <Filter>소스 파일</Filter>
    </ClCompile>
    <ClCompile Include="AlertCamera.cpp">
      <Filter>소스 파일</Filter>
    </ClCompile>
    <ClCompile Include="interfaceManager.cpp">
      <Filter>소스 파일</Filter>
    </ClCompile>
    <ClCompile Include="zeroMQ.cpp">
      <Filter>소스 파일</Filter>
    </ClCompile>
    <ClCompile Include="zeroMQServer.cpp">
      <Filter>소스 파일</Filter>
    </ClCompile>
    <ClCompile Include="zeroMQImage.cpp">
      <Filter>소스 파일</Filter>
    </ClCompile>
    <ClCompile Include="zeroMQImageServer.cpp">
      <Filter>소스 파일</Filter>
    </ClCompile>
  </ItemGroup>
  <ItemGroup>
    <ClInclude Include="..\..\imconfig.h">
      <Filter>imgui</Filter>
    </ClInclude>
    <ClInclude Include="..\..\imgui.h">
      <Filter>imgui</Filter>
    </ClInclude>
    <ClInclude Include="..\..\imgui_internal.h">
      <Filter>imgui</Filter>
    </ClInclude>
    <ClInclude Include="..\..\backends\imgui_impl_glfw.h">
      <Filter>소스 파일</Filter>
    </ClInclude>
    <ClInclude Include="..\..\backends\imgui_impl_opengl3.h">
      <Filter>소스 파일</Filter>
    </ClInclude>
    <ClInclude Include="..\..\backends\imgui_impl_opengl3_loader.h">
      <Filter>소스 파일</Filter>
    </ClInclude>
    <ClInclude Include="AlertCamera.h" />
    <ClInclude Include="interfaceManager.h" />
    <ClInclude Include="zeroMQ.h" />
    <ClInclude Include="zeroMQServer.h" />
    <ClInclude Include="zeroMQImage.h" />
    <ClInclude Include="zeroMQImageServer.h" />
  </ItemGroup>
  <ItemGroup>
    <Image Include="..\..\misc\images\kcch.png" />
    <Image Include="..\..\misc\images\kcch1.png" />
    <Image Include="..\..\misc\images\test1.jpg" />
  </ItemGroup>
</Project>